
Microsoft Visual Studio Solution File, Format Version 12.00
# Visual Studio Version 16
VisualStudioVersion = 16.0.31729.503
MinimumVisualStudioVersion = 10.0.40219.1
Project("{FAE04EC0-301F-11D3-BF4B-00C04F79EFBC}") = "LaunchBoxRomPatchManager", "LaunchBoxRomPatchManager\LaunchBoxRomPatchManager.csproj", "{EA33E996-6538-4A76-8929-32E972FD910B}"
EndProject
Global
	GlobalSection(SolutionConfigurationPlatforms) = preSolution
		Debug|Any CPU = Debug|Any CPU
		Release|Any CPU = Release|Any CPU
	EndGlobalSection
	GlobalSection(ProjectConfigurationPlatforms) = postSolution
		{EA33E996-6538-4A76-8929-32E972FD910B}.Debug|Any CPU.ActiveCfg = Debug|Any CPU
		{EA33E996-6538-4A76-8929-32E972FD910B}.Debug|Any CPU.Build.0 = Debug|Any CPU
		{EA33E996-6538-4A76-8929-32E972FD910B}.Release|Any CPU.ActiveCfg = Release|Any CPU
		{EA33E996-6538-4A76-8929-32E972FD910B}.Release|Any CPU.Build.0 = Release|Any CPU
	EndGlobalSection
	GlobalSection(SolutionProperties) = preSolution
		HideSolutionNode = FALSE
	EndGlobalSection
	GlobalSection(ExtensibilityGlobals) = postSolution
		SolutionGuid = {8181E0E9-3FC8-48A0-B0F7-E32DCBBFD0D3}
	EndGlobalSection
EndGlobal
